
Microsoft Visual Studio Solution File, Format Version 12.00
# Visual Studio Version 16
Project("{8BC9CEB8-8B4A-11D0-8D11-00A0C91BC942}") = "ALL_BUILD", "ALL_BUILD.vcxproj", "{2DDAA60B-8F82-32D2-AC5D-09EE10120B62}"
	ProjectSection(ProjectDependencies) = postProject
		{A1F8628C-124F-3BFC-973E-293200737EF0} = {A1F8628C-124F-3BFC-973E-293200737EF0}
		{167820D7-5831-3496-A144-51B33388E8F4} = {167820D7-5831-3496-A144-51B33388E8F4}
		{AD74A31F-265D-35AF-AC22-390F4DEB1399} = {AD74A31F-265D-35AF-AC22-390F4DEB1399}
		{5613CC16-9A66-3494-B327-4880D334CA05} = {5613CC16-9A66-3494-B327-4880D334CA05}
	EndProjectSection
EndProject
Project("{8BC9CEB8-8B4A-11D0-8D11-00A0C91BC942}") = "INSTALL", "INSTALL.vcxproj", "{542D6D3F-0BFD-3B06-8FD6-049525227CBF}"
	ProjectSection(ProjectDependencies) = postProject
		{2DDAA60B-8F82-32D2-AC5D-09EE10120B62} = {2DDAA60B-8F82-32D2-AC5D-09EE10120B62}
		{A1F8628C-124F-3BFC-973E-293200737EF0} = {A1F8628C-124F-3BFC-973E-293200737EF0}
	EndProjectSection
EndProject
Project("{8BC9CEB8-8B4A-11D0-8D11-00A0C91BC942}") = "ZERO_CHECK", "ZERO_CHECK.vcxproj", "{A1F8628C-124F-3BFC-973E-293200737EF0}"
	ProjectSection(ProjectDependencies) = postProject
	EndProjectSection
EndProject
Project("{8BC9CEB8-8B4A-11D0-8D11-00A0C91BC942}") = "flutter_application_2", "runner\flutter_application_2.vcxproj", "{167820D7-5831-3496-A144-51B33388E8F4}"
	ProjectSection(ProjectDependencies) = postProject
		{A1F8628C-124F-3BFC-973E-293200737EF0} = {A1F8628C-124F-3BFC-973E-293200737EF0}
		{3B026111-8445-3639-90DB-D698751434B7} = {3B026111-8445-3639-90DB-D698751434B7}
		{AD74A31F-265D-35AF-AC22-390F4DEB1399} = {AD74A31F-265D-35AF-AC22-390F4DEB1399}
	EndProjectSection
EndProject
Project("{8BC9CEB8-8B4A-11D0-8D11-00A0C91BC942}") = "flutter_assemble", "flutter\flutter_assemble.vcxproj", "{3B026111-8445-3639-90DB-D698751434B7}"
	ProjectSection(ProjectDependencies) = postProject
		{A1F8628C-124F-3BFC-973E-293200737EF0} = {A1F8628C-124F-3BFC-973E-293200737EF0}
	EndProjectSection
EndProject
Project("{8BC9CEB8-8B4A-11D0-8D11-00A0C91BC942}") = "flutter_wrapper_app", "flutter\flutter_wrapper_app.vcxproj", "{AD74A31F-265D-35AF-AC22-390F4DEB1399}"
	ProjectSection(ProjectDependencies) = postProject
		{A1F8628C-124F-3BFC-973E-293200737EF0} = {A1F8628C-124F-3BFC-973E-293200737EF0}
		{3B026111-8445-3639-90DB-D698751434B7} = {3B026111-8445-3639-90DB-D698751434B7}
	EndProjectSection
EndProject
Project("{8BC9CEB8-8B4A-11D0-8D11-00A0C91BC942}") = "flutter_wrapper_plugin", "flutter\flutter_wrapper_plugin.vcxproj", "{5613CC16-9A66-3494-B327-4880D334CA05}"
	ProjectSection(ProjectDependencies) = postProject
		{A1F8628C-124F-3BFC-973E-293200737EF0} = {A1F8628C-124F-3BFC-973E-293200737EF0}
		{3B026111-8445-3639-90DB-D698751434B7} = {3B026111-8445-3639-90DB-D698751434B7}
	EndProjectSection
EndProject
Global
	GlobalSection(SolutionConfigurationPlatforms) = preSolution
		Debug|x64 = Debug|x64
		Profile|x64 = Profile|x64
		Release|x64 = Release|x64
	EndGlobalSection
	GlobalSection(ProjectConfigurationPlatforms) = postSolution
		{2DDAA60B-8F82-32D2-AC5D-09EE10120B62}.Debug|x64.ActiveCfg = Debug|x64
		{2DDAA60B-8F82-32D2-AC5D-09EE10120B62}.Debug|x64.Build.0 = Debug|x64
		{2DDAA60B-8F82-32D2-AC5D-09EE10120B62}.Profile|x64.ActiveCfg = Profile|x64
		{2DDAA60B-8F82-32D2-AC5D-09EE10120B62}.Profile|x64.Build.0 = Profile|x64
		{2DDAA60B-8F82-32D2-AC5D-09EE10120B62}.Release|x64.ActiveCfg = Release|x64
		{2DDAA60B-8F82-32D2-AC5D-09EE10120B62}.Release|x64.Build.0 = Release|x64
		{542D6D3F-0BFD-3B06-8FD6-049525227CBF}.Debug|x64.ActiveCfg = Debug|x64
		{542D6D3F-0BFD-3B06-8FD6-049525227CBF}.Debug|x64.Build.0 = Debug|x64
		{542D6D3F-0BFD-3B06-8FD6-049525227CBF}.Profile|x64.ActiveCfg = Profile|x64
		{542D6D3F-0BFD-3B06-8FD6-049525227CBF}.Profile|x64.Build.0 = Profile|x64
		{542D6D3F-0BFD-3B06-8FD6-049525227CBF}.Release|x64.ActiveCfg = Release|x64
		{542D6D3F-0BFD-3B06-8FD6-049525227CBF}.Release|x64.Build.0 = Release|x64
		{A1F8628C-124F-3BFC-973E-293200737EF0}.Debug|x64.ActiveCfg = Debug|x64
		{A1F8628C-124F-3BFC-973E-293200737EF0}.Debug|x64.Build.0 = Debug|x64
		{A1F8628C-124F-3BFC-973E-293200737EF0}.Profile|x64.ActiveCfg = Profile|x64
		{A1F8628C-124F-3BFC-973E-293200737EF0}.Profile|x64.Build.0 = Profile|x64
		{A1F8628C-124F-3BFC-973E-293200737EF0}.Release|x64.ActiveCfg = Release|x64
		{A1F8628C-124F-3BFC-973E-293200737EF0}.Release|x64.Build.0 = Release|x64
		{167820D7-5831-3496-A144-51B33388E8F4}.Debug|x64.ActiveCfg = Debug|x64
		{167820D7-5831-3496-A144-51B33388E8F4}.Debug|x64.Build.0 = Debug|x64
		{167820D7-5831-3496-A144-51B33388E8F4}.Profile|x64.ActiveCfg = Profile|x64
		{167820D7-5831-3496-A144-51B33388E8F4}.Profile|x64.Build.0 = Profile|x64
		{167820D7-5831-3496-A144-51B33388E8F4}.Release|x64.ActiveCfg = Release|x64
		{167820D7-5831-3496-A144-51B33388E8F4}.Release|x64.Build.0 = Release|x64
		{3B026111-8445-3639-90DB-D698751434B7}.Debug|x64.ActiveCfg = Debug|x64
		{3B026111-8445-3639-90DB-D698751434B7}.Debug|x64.Build.0 = Debug|x64
		{3B026111-8445-3639-90DB-D698751434B7}.Profile|x64.ActiveCfg = Profile|x64
		{3B026111-8445-3639-90DB-D698751434B7}.Profile|x64.Build.0 = Profile|x64
		{3B026111-8445-3639-90DB-D698751434B7}.Release|x64.ActiveCfg = Release|x64
		{3B026111-8445-3639-90DB-D698751434B7}.Release|x64.Build.0 = Release|x64
		{AD74A31F-265D-35AF-AC22-390F4DEB1399}.Debug|x64.ActiveCfg = Debug|x64
		{AD74A31F-265D-35AF-AC22-390F4DEB1399}.Debug|x64.Build.0 = Debug|x64
		{AD74A31F-265D-35AF-AC22-390F4DEB1399}.Profile|x64.ActiveCfg = Profile|x64
		{AD74A31F-265D-35AF-AC22-390F4DEB1399}.Profile|x64.Build.0 = Profile|x64
		{AD74A31F-265D-35AF-AC22-390F4DEB1399}.Release|x64.ActiveCfg = Release|x64
		{AD74A31F-265D-35AF-AC22-390F4DEB1399}.Release|x64.Build.0 = Release|x64
		{5613CC16-9A66-3494-B327-4880D334CA05}.Debug|x64.ActiveCfg = Debug|x64
		{5613CC16-9A66-3494-B327-4880D334CA05}.Debug|x64.Build.0 = Debug|x64
		{5613CC16-9A66-3494-B327-4880D334CA05}.Profile|x64.ActiveCfg = Profile|x64
		{5613CC16-9A66-3494-B327-4880D334CA05}.Profile|x64.Build.0 = Profile|x64
		{5613CC16-9A66-3494-B327-4880D334CA05}.Release|x64.ActiveCfg = Release|x64
		{5613CC16-9A66-3494-B327-4880D334CA05}.Release|x64.Build.0 = Release|x64
	EndGlobalSection
	GlobalSection(ExtensibilityGlobals) = postSolution
		SolutionGuid = {EA1EEA54-1157-3FDE-ADAA-32CD9474C5EB}
	EndGlobalSection
	GlobalSection(ExtensibilityAddIns) = postSolution
	EndGlobalSection
EndGlobal
